{
  "name": "agentnagar-style-pages-tools",
  "version": "0.0.0",
  "lockfileVersion": 3,
  "requires": true,
  "packages": {
    "": {
      "name": "agentnagar-style-pages-tools",
      "version": "0.0.0",
      "license": "AGPL-3.0-only",
      "dependencies": {
        "@fontsource-variable/bricolage-grotesque": "5.3.0",
        "@fontsource-variable/dm-sans": "5.3.0",
        "@fontsource-variable/fraunces": "5.3.0",
        "@fontsource-variable/inter": "5.3.0",
        "@fontsource-variable/nunito": "5.3.0",
        "@fontsource-variable/playfair-display": "5.3.0",
        "@fontsource-variable/space-grotesk": "5.3.0",
        "@fontsource-variable/syne": "5.3.0",
        "@fontsource/abril-fatface": "5.3.0",
        "@fontsource/alfa-slab-one": "5.3.0",
        "@fontsource/archivo-black": "5.3.0",
        "@fontsource/baloo-2": "5.3.0",
        "@fontsource/big-shoulders-display": "5.3.0",
        "@fontsource/bungee": "5.3.0",
        "@fontsource/caveat": "5.3.0",
        "@fontsource/cinzel-decorative": "5.3.0",
        "@fontsource/cormorant-garamond": "5.3.0",
        "@fontsource/eb-garamond": "5.3.0",
        "@fontsource/fredoka": "5.3.0",
        "@fontsource/ibm-plex-mono": "5.3.0",
        "@fontsource/josefin-sans": "5.3.0",
        "@fontsource/kalam": "5.3.0",
        "@fontsource/limelight": "5.3.0",
        "@fontsource/major-mono-display": "5.3.0",
        "@fontsource/monoton": "5.3.0",
        "@fontsource/old-standard-tt": "5.3.0",
        "@fontsource/orbitron": "5.3.0",
        "@fontsource/patrick-hand": "5.3.0",
        "@fontsource/poiret-one": "5.3.0",
        "@fontsource/press-start-2p": "5.3.0",
        "@fontsource/righteous": "5.3.0",
        "@fontsource/rubik-mono-one": "5.3.0",
        "@fontsource/shrikhand": "5.3.0",
        "@fontsource/space-mono": "5.3.0",
        "@fontsource/special-elite": "5.3.0",
        "@fontsource/staatliches": "5.3.0",
        "@fontsource/unbounded": "5.3.0",
        "@fontsource/vt323": "5.3.0",
        "@fontsource/zen-old-mincho": "5.3.0",
        "axe-core": "4.10.3",
        "esbuild": "0.25.10",
        "playwright": "1.55.0",
        "three": "0.180.0"
      }
    },
    "node_modules/@esbuild/aix-ppc64": {
      "version": "0.25.10",
      "resolved": "https://registry.npmjs.org/@esbuild/aix-ppc64/-/aix-ppc64-0.25.10.tgz",
      "integrity": "sha512-0NFWnA+7l41irNuaSVlLfgNT12caWJVLzp5eAVhZ0z1qpxbockccEt3s+149rE64VUI3Ml2zt8Nv5JVc4QXTsw==",
      "cpu": [
        "ppc64"
      ],
      "license": "MIT",
      "optional": true,
      "os": [
        "aix"
      ],
      "engines": {
        "node": ">=18"
      }
    },
    "node_modules/@esbuild/android-arm": {
      "version": "0.25.10",
      "resolved": "https://registry.npmjs.org/@esbuild/android-arm/-/android-arm-0.25.10.tgz",
      "integrity": "sha512-dQAxF1dW1C3zpeCDc5KqIYuZ1tgAdRXNoZP7vkBIRtKZPYe2xVr/d3SkirklCHudW1B45tGiUlz2pUWDfbDD4w==",
      "cpu": [
        "arm"
      ],
      "license": "MIT",
      "optional": true,
      "os": [
        "android"
      ],
      "engines": {
        "node": ">=18"
      }
    },
    "node_modules/@esbuild/android-arm64": {
      "version": "0.25.10",
      "resolved": "https://registry.npmjs.org/@esbuild/android-arm64/-/android-arm64-0.25.10.tgz",
      "integrity": "sha512-LSQa7eDahypv/VO6WKohZGPSJDq5OVOo3UoFR1E4t4Gj1W7zEQMUhI+lo81H+DtB+kP+tDgBp+M4oNCwp6kffg==",
      "cpu": [
        "arm64"
      ],
      "license": "MIT",
      "optional": true,
      "os": [
        "android"
      ],
      "engines": {
        "node": ">=18"
      }
    },
    "node_modules/@esbuild/android-x64": {
      "version": "0.25.10",
      "resolved": "https://registry.npmjs.org/@esbuild/android-x64/-/android-x64-0.25.10.tgz",
      "integrity": "sha512-MiC9CWdPrfhibcXwr39p9ha1x0lZJ9KaVfvzA0Wxwz9ETX4v5CHfF09bx935nHlhi+MxhA63dKRRQLiVgSUtEg==",
      "cpu": [
        "x64"
      ],
      "license": "MIT",
      "optional": true,
      "os": [
        "android"
      ],
      "engines": {
        "node": ">=18"
      }
    },
    "node_modules/@esbuild/darwin-arm64": {
      "version": "0.25.10",
      "resolved": "https://registry.npmjs.org/@esbuild/darwin-arm64/-/darwin-arm64-0.25.10.tgz",
      "integrity": "sha512-JC74bdXcQEpW9KkV326WpZZjLguSZ3DfS8wrrvPMHgQOIEIG/sPXEN/V8IssoJhbefLRcRqw6RQH2NnpdprtMA==",
      "cpu": [
        "arm64"
      ],
      "license": "MIT",
      "optional": true,
      "os": [
        "darwin"
      ],
      "engines": {
        "node": ">=18"
      }
    },
    "node_modules/@esbuild/darwin-x64": {
      "version": "0.25.10",
      "resolved": "https://registry.npmjs.org/@esbuild/darwin-x64/-/darwin-x64-0.25.10.tgz",
      "integrity": "sha512-tguWg1olF6DGqzws97pKZ8G2L7Ig1vjDmGTwcTuYHbuU6TTjJe5FXbgs5C1BBzHbJ2bo1m3WkQDbWO2PvamRcg==",
      "cpu": [
        "x64"
      ],
      "license": "MIT",
      "optional": true,
      "os": [
        "darwin"
      ],
      "engines": {
        "node": ">=18"
      }
    },
    "node_modules/@esbuild/freebsd-arm64": {
      "version": "0.25.10",
      "resolved": "https://registry.npmjs.org/@esbuild/freebsd-arm64/-/freebsd-arm64-0.25.10.tgz",
      "integrity": "sha512-3ZioSQSg1HT2N05YxeJWYR+Libe3bREVSdWhEEgExWaDtyFbbXWb49QgPvFH8u03vUPX10JhJPcz7s9t9+boWg==",
      "cpu": [
        "arm64"
      ],
      "license": "MIT",
      "optional": true,
      "os": [
        "freebsd"
      ],
      "engines": {
        "node": ">=18"
      }
    },
    "node_modules/@esbuild/freebsd-x64": {
      "version": "0.25.10",
      "resolved": "https://registry.npmjs.org/@esbuild/freebsd-x64/-/freebsd-x64-0.25.10.tgz",
      "integrity": "sha512-LLgJfHJk014Aa4anGDbh8bmI5Lk+QidDmGzuC2D+vP7mv/GeSN+H39zOf7pN5N8p059FcOfs2bVlrRr4SK9WxA==",
      "cpu": [
        "x64"
      ],
      "license": "MIT",
      "optional": true,
      "os": [
        "freebsd"
      ],
      "engines": {
        "node": ">=18"
      }
    },
    "node_modules/@esbuild/linux-arm": {
      "version": "0.25.10",
      "resolved": "https://registry.npmjs.org/@esbuild/linux-arm/-/linux-arm-0.25.10.tgz",
      "integrity": "sha512-oR31GtBTFYCqEBALI9r6WxoU/ZofZl962pouZRTEYECvNF/dtXKku8YXcJkhgK/beU+zedXfIzHijSRapJY3vg==",
      "cpu": [
        "arm"
      ],
      "license": "MIT",
      "optional": true,
      "os": [
        "linux"
      ],
      "engines": {
        "node": ">=18"
      }
    },
    "node_modules/@esbuild/linux-arm64": {
      "version": "0.25.10",
      "resolved": "https://registry.npmjs.org/@esbuild/linux-arm64/-/linux-arm64-0.25.10.tgz",
      "integrity": "sha512-5luJWN6YKBsawd5f9i4+c+geYiVEw20FVW5x0v1kEMWNq8UctFjDiMATBxLvmmHA4bf7F6hTRaJgtghFr9iziQ==",
      "cpu": [
        "arm64"
      ],
      "license": "MIT",
      "optional": true,
      "os": [
        "linux"
      ],
      "engines": {
        "node": ">=18"
      }
    },
    "node_modules/@esbuild/linux-ia32": {
      "version": "0.25.10",
      "resolved": "https://registry.npmjs.org/@esbuild/linux-ia32/-/linux-ia32-0.25.10.tgz",
      "integrity": "sha512-NrSCx2Kim3EnnWgS4Txn0QGt0Xipoumb6z6sUtl5bOEZIVKhzfyp/Lyw4C1DIYvzeW/5mWYPBFJU3a/8Yr75DQ==",
      "cpu": [
        "ia32"
      ],
      "license": "MIT",
      "optional": true,
      "os": [
        "linux"
      ],
      "engines": {
        "node": ">=18"
      }
    },
    "node_modules/@esbuild/linux-loong64": {
      "version": "0.25.10",
      "resolved": "https://registry.npmjs.org/@esbuild/linux-loong64/-/linux-loong64-0.25.10.tgz",
      "integrity": "sha512-xoSphrd4AZda8+rUDDfD9J6FUMjrkTz8itpTITM4/xgerAZZcFW7Dv+sun7333IfKxGG8gAq+3NbfEMJfiY+Eg==",
      "cpu": [
        "loong64"
      ],
      "license": "MIT",
      "optional": true,
      "os": [
        "linux"
      ],
      "engines": {
        "node": ">=18"
      }
    },
    "node_modules/@esbuild/linux-mips64el": {
      "version": "0.25.10",
      "resolved": "https://registry.npmjs.org/@esbuild/linux-mips64el/-/linux-mips64el-0.25.10.tgz",
      "integrity": "sha512-ab6eiuCwoMmYDyTnyptoKkVS3k8fy/1Uvq7Dj5czXI6DF2GqD2ToInBI0SHOp5/X1BdZ26RKc5+qjQNGRBelRA==",
      "cpu": [
        "mips64el"
      ],
      "license": "MIT",
      "optional": true,
      "os": [
        "linux"
      ],
      "engines": {
        "node": ">=18"
      }
    },
    "node_modules/@esbuild/linux-ppc64": {
      "version": "0.25.10",
      "resolved": "https://registry.npmjs.org/@esbuild/linux-ppc64/-/linux-ppc64-0.25.10.tgz",
      "integrity": "sha512-NLinzzOgZQsGpsTkEbdJTCanwA5/wozN9dSgEl12haXJBzMTpssebuXR42bthOF3z7zXFWH1AmvWunUCkBE4EA==",
      "cpu": [
        "ppc64"
      ],
      "license": "MIT",
      "optional": true,
      "os": [
        "linux"
      ],
      "engines": {
        "node": ">=18"
      }
    },
    "node_modules/@esbuild/linux-riscv64": {
      "version": "0.25.10",
      "resolved": "https://registry.npmjs.org/@esbuild/linux-riscv64/-/linux-riscv64-0.25.10.tgz",
      "integrity": "sha512-FE557XdZDrtX8NMIeA8LBJX3dC2M8VGXwfrQWU7LB5SLOajfJIxmSdyL/gU1m64Zs9CBKvm4UAuBp5aJ8OgnrA==",
      "cpu": [
        "riscv64"
      ],
      "license": "MIT",
      "optional": true,
      "os": [
        "linux"
      ],
      "engines": {
        "node": ">=18"
      }
    },
    "node_modules/@esbuild/linux-s390x": {
      "version": "0.25.10",
      "resolved": "https://registry.npmjs.org/@esbuild/linux-s390x/-/linux-s390x-0.25.10.tgz",
      "integrity": "sha512-3BBSbgzuB9ajLoVZk0mGu+EHlBwkusRmeNYdqmznmMc9zGASFjSsxgkNsqmXugpPk00gJ0JNKh/97nxmjctdew==",
      "cpu": [
        "s390x"
      ],
      "license": "MIT",
      "optional": true,
      "os": [
        "linux"
      ],
      "engines": {
        "node": ">=18"
      }
    },
    "node_modules/@esbuild/linux-x64": {
      "version": "0.25.10",
      "resolved": "https://registry.npmjs.org/@esbuild/linux-x64/-/linux-x64-0.25.10.tgz",
      "integrity": "sha512-QSX81KhFoZGwenVyPoberggdW1nrQZSvfVDAIUXr3WqLRZGZqWk/P4T8p2SP+de2Sr5HPcvjhcJzEiulKgnxtA==",
      "cpu": [
        "x64"
      ],
      "license": "MIT",
      "optional": true,
      "os": [
        "linux"
      ],
      "engines": {
        "node": ">=18"
      }
    },
    "node_modules/@esbuild/netbsd-arm64": {
      "version": "0.25.10",
      "resolved": "https://registry.npmjs.org/@esbuild/netbsd-arm64/-/netbsd-arm64-0.25.10.tgz",
      "integrity": "sha512-AKQM3gfYfSW8XRk8DdMCzaLUFB15dTrZfnX8WXQoOUpUBQ+NaAFCP1kPS/ykbbGYz7rxn0WS48/81l9hFl3u4A==",
      "cpu": [
        "arm64"
      ],
      "license": "MIT",
      "optional": true,
      "os": [
        "netbsd"
      ],
      "engines": {
        "node": ">=18"
      }
    },
    "node_modules/@esbuild/netbsd-x64": {
      "version": "0.25.10",
      "resolved": "https://registry.npmjs.org/@esbuild/netbsd-x64/-/netbsd-x64-0.25.10.tgz",
      "integrity": "sha512-7RTytDPGU6fek/hWuN9qQpeGPBZFfB4zZgcz2VK2Z5VpdUxEI8JKYsg3JfO0n/Z1E/6l05n0unDCNc4HnhQGig==",
      "cpu": [
        "x64"
      ],
      "license": "MIT",
      "optional": true,
      "os": [
        "netbsd"
      ],
      "engines": {
        "node": ">=18"
      }
    },
    "node_modules/@esbuild/openbsd-arm64": {
      "version": "0.25.10",
      "resolved": "https://registry.npmjs.org/@esbuild/openbsd-arm64/-/openbsd-arm64-0.25.10.tgz",
      "integrity": "sha512-5Se0VM9Wtq797YFn+dLimf2Zx6McttsH2olUBsDml+lm0GOCRVebRWUvDtkY4BWYv/3NgzS8b/UM3jQNh5hYyw==",
      "cpu": [
        "arm64"
      ],
      "license": "MIT",
      "optional": true,
      "os": [
        "openbsd"
      ],
      "engines": {
        "node": ">=18"
      }
    },
    "node_modules/@esbuild/openbsd-x64": {
      "version": "0.25.10",
      "resolved": "https://registry.npmjs.org/@esbuild/openbsd-x64/-/openbsd-x64-0.25.10.tgz",
      "integrity": "sha512-XkA4frq1TLj4bEMB+2HnI0+4RnjbuGZfet2gs/LNs5Hc7D89ZQBHQ0gL2ND6Lzu1+QVkjp3x1gIcPKzRNP8bXw==",
      "cpu": [
        "x64"
      ],
      "license": "MIT",
      "optional": true,
      "os": [
        "openbsd"
      ],
      "engines": {
        "node": ">=18"
      }
    },
    "node_modules/@esbuild/openharmony-arm64": {
      "version": "0.25.10",
      "resolved": "https://registry.npmjs.org/@esbuild/openharmony-arm64/-/openharmony-arm64-0.25.10.tgz",
      "integrity": "sha512-AVTSBhTX8Y/Fz6OmIVBip9tJzZEUcY8WLh7I59+upa5/GPhh2/aM6bvOMQySspnCCHvFi79kMtdJS1w0DXAeag==",
      "cpu": [
        "arm64"
      ],
      "license": "MIT",
      "optional": true,
      "os": [
        "openharmony"
      ],
      "engines": {
        "node": ">=18"
      }
    },
    "node_modules/@esbuild/sunos-x64": {
      "version": "0.25.10",
      "resolved": "https://registry.npmjs.org/@esbuild/sunos-x64/-/sunos-x64-0.25.10.tgz",
      "integrity": "sha512-fswk3XT0Uf2pGJmOpDB7yknqhVkJQkAQOcW/ccVOtfx05LkbWOaRAtn5SaqXypeKQra1QaEa841PgrSL9ubSPQ==",
      "cpu": [
        "x64"
      ],
      "license": "MIT",
      "optional": true,
      "os": [
        "sunos"
      ],
      "engines": {
        "node": ">=18"
      }
    },
    "node_modules/@esbuild/win32-arm64": {
      "version": "0.25.10",
      "resolved": "https://registry.npmjs.org/@esbuild/win32-arm64/-/win32-arm64-0.25.10.tgz",
      "integrity": "sha512-ah+9b59KDTSfpaCg6VdJoOQvKjI33nTaQr4UluQwW7aEwZQsbMCfTmfEO4VyewOxx4RaDT/xCy9ra2GPWmO7Kw==",
      "cpu": [
        "arm64"
      ],
      "license": "MIT",
      "optional": true,
      "os": [
        "win32"
      ],
      "engines": {
        "node": ">=18"
      }
    },
    "node_modules/@esbuild/win32-ia32": {
      "version": "0.25.10",
      "resolved": "https://registry.npmjs.org/@esbuild/win32-ia32/-/win32-ia32-0.25.10.tgz",
      "integrity": "sha512-QHPDbKkrGO8/cz9LKVnJU22HOi4pxZnZhhA2HYHez5Pz4JeffhDjf85E57Oyco163GnzNCVkZK0b/n4Y0UHcSw==",
      "cpu": [
        "ia32"
      ],
      "license": "MIT",
      "optional": true,
      "os": [
        "win32"
      ],
      "engines": {
        "node": ">=18"
      }
    },
    "node_modules/@esbuild/win32-x64": {
      "version": "0.25.10",
      "resolved": "https://registry.npmjs.org/@esbuild/win32-x64/-/win32-x64-0.25.10.tgz",
      "integrity": "sha512-9KpxSVFCu0iK1owoez6aC/s/EdUQLDN3adTxGCqxMVhrPDj6bt5dbrHDXUuq+Bs2vATFBBrQS5vdQ/Ed2P+nbw==",
      "cpu": [
        "x64"
      ],
      "license": "MIT",
      "optional": true,
      "os": [
        "win32"
      ],
      "engines": {
        "node": ">=18"
      }
    },
    "node_modules/@fontsource-variable/bricolage-grotesque": {
      "version": "5.3.0",
      "resolved": "https://registry.npmjs.org/@fontsource-variable/bricolage-grotesque/-/bricolage-grotesque-5.3.0.tgz",
      "integrity": "sha512-TLi9Q4hJjS2UvoTMRSS2nHu6c4R56lAw60NR9QYtVRCHn0XtsFpiEhNffZ8Glsoxu6wEEwLKBP8lb94J52PNBA==",
      "license": "OFL-1.1",
      "funding": {
        "url": "https://github.com/sponsors/ayuhito"
      }
    },
    "node_modules/@fontsource-variable/dm-sans": {
      "version": "5.3.0",
      "resolved": "https://registry.npmjs.org/@fontsource-variable/dm-sans/-/dm-sans-5.3.0.tgz",
      "integrity": "sha512-BpUG5bqePiDFMBM4ZtLSlPdAIOM990uB1dlXzIf4aw21yQR7BmykedLXXXMqGWsR18aMLOsbWccwJNh3ztTQaA==",
      "license": "OFL-1.1",
      "funding": {
        "url": "https://github.com/sponsors/ayuhito"
      }
    },
    "node_modules/@fontsource-variable/fraunces": {
      "version": "5.3.0",
      "resolved": "https://registry.npmjs.org/@fontsource-variable/fraunces/-/fraunces-5.3.0.tgz",
      "integrity": "sha512-9BYGySn4AHEJdgp9Z28tQ3X+laJMEOITXkQarZXeloWQZDq5oOvXJ3kDA8c7MGIfpogIaZfjrQBqmda8POOCKA==",
      "license": "OFL-1.1",
      "funding": {
        "url": "https://github.com/sponsors/ayuhito"
      }
    },
    "node_modules/@fontsource-variable/inter": {
      "version": "5.3.0",
      "resolved": "https://registry.npmjs.org/@fontsource-variable/inter/-/inter-5.3.0.tgz",
      "integrity": "sha512-OupL48va4JNofb97w6NYeF9S7W/kHNKM0Er8Dem5nqi4jeOLrVJDoE8tZEpnMJmtkvNbB1EIPPwHcdkF6b1oUA==",
      "license": "OFL-1.1",
      "funding": {
        "url": "https://github.com/sponsors/ayuhito"
      }
    },
    "node_modules/@fontsource-variable/nunito": {
      "version": "5.3.0",
      "resolved": "https://registry.npmjs.org/@fontsource-variable/nunito/-/nunito-5.3.0.tgz",
      "integrity": "sha512-tw0ch7evIDSwoeUy+0XzocYHfbRWLeCRPJy22KgbrLjDLAbNw/fErBiil10Ssrs3Sjr55zaZrr36a975j8cBkQ==",
      "license": "OFL-1.1",
      "funding": {
        "url": "https://github.com/sponsors/ayuhito"
      }
    },
    "node_modules/@fontsource-variable/playfair-display": {
      "version": "5.3.0",
      "resolved": "https://registry.npmjs.org/@fontsource-variable/playfair-display/-/playfair-display-5.3.0.tgz",
      "integrity": "sha512-IHdzTvE8eGIXHteZql7KXoqdc3Gfm+Zs1u4XlSC3MeplkwviT3sx/P6gI0tLwg/xIYLF4ZJYveZ5V+bl9cnDwA==",
      "license": "OFL-1.1",
      "funding": {
        "url": "https://github.com/sponsors/ayuhito"
      }
    },
    "node_modules/@fontsource-variable/space-grotesk": {
      "version": "5.3.0",
      "resolved": "https://registry.npmjs.org/@fontsource-variable/space-grotesk/-/space-grotesk-5.3.0.tgz",
      "integrity": "sha512-2IxmvfB08i9vnGB3Ym/AXvhRE+8XOjWMXIyDum03c+tPwH0FUoMNQfGpU8NXPxjbws0Vvss3AH0Zqt4oJBBAdw==",
      "license": "OFL-1.1",
      "funding": {
        "url": "https://github.com/sponsors/ayuhito"
      }
    },
    "node_modules/@fontsource-variable/syne": {
      "version": "5.3.0",
      "resolved": "https://registry.npmjs.org/@fontsource-variable/syne/-/syne-5.3.0.tgz",
      "integrity": "sha512-GUNH65fUfWHQcX7bO0BGgScE465gawpTId45aDfhHcVj/upbb6b+2d++5keKP128vK8+LtE4dvLkKTsxoh7TwA==",
      "license": "OFL-1.1",
      "funding": {
        "url": "https://github.com/sponsors/ayuhito"
      }
    },
    "node_modules/@fontsource/abril-fatface": {
      "version": "5.3.0",
      "resolved": "https://registry.npmjs.org/@fontsource/abril-fatface/-/abril-fatface-5.3.0.tgz",
      "integrity": "sha512-voKCJEhGGZNdlk+OS3uFRSDV/HWbs6TAy7qKe9wXq96Uzwadfksyk5eyXLa1T5FkEazBgpHRMRSFBKfA3rbKbg==",
      "license": "OFL-1.1",
      "funding": {
        "url": "https://github.com/sponsors/ayuhito"
      }
    },
    "node_modules/@fontsource/alfa-slab-one": {
      "version": "5.3.0",
      "resolved": "https://registry.npmjs.org/@fontsource/alfa-slab-one/-/alfa-slab-one-5.3.0.tgz",
      "integrity": "sha512-J/ANFZ7S9CbZClr/QhMjmBtpFmmKipVkEXHj20aurR5uqJPCBChVPJn1/kx6vtrwnfnDY0kQaYSTYasSt4GruA==",
      "license": "OFL-1.1",
      "funding": {
        "url": "https://github.com/sponsors/ayuhito"
      }
    },
    "node_modules/@fontsource/archivo-black": {
      "version": "5.3.0",
      "resolved": "https://registry.npmjs.org/@fontsource/archivo-black/-/archivo-black-5.3.0.tgz",
      "integrity": "sha512-7EsTIQ+Blf96ktpzTUpI7msi+u9/AJxM/GZxOSkEubVd1jSTrFSTNxMgfpX/8rQsjZ+19a+qvRbtcTEp5J/72g==",
      "license": "OFL-1.1",
      "funding": {
        "url": "https://github.com/sponsors/ayuhito"
      }
    },
    "node_modules/@fontsource/baloo-2": {
      "version": "5.3.0",
      "resolved": "https://registry.npmjs.org/@fontsource/baloo-2/-/baloo-2-5.3.0.tgz",
      "integrity": "sha512-CBuxZ27jvMmD5+KaaPkMWv/yjdRNppVAd5/002yAyvyQyLNL3aZCbkx6gbAT/bjxPd1A0VMdDQjfcELI8chccQ==",
      "license": "OFL-1.1",
      "funding": {
        "url": "https://github.com/sponsors/ayuhito"
      }
    },
    "node_modules/@fontsource/big-shoulders-display": {
      "version": "5.3.0",
      "resolved": "https://registry.npmjs.org/@fontsource/big-shoulders-display/-/big-shoulders-display-5.3.0.tgz",
      "integrity": "sha512-d4+Tcsq/WfoKeqWfB6wFdeNDsSYYnilJbSNNpf5w53MlWrGHAc9YvkAjC6id6PgFDiGaFKsXfP0RFAQtpt0bog==",
      "license": "OFL-1.1",
      "funding": {
        "url": "https://github.com/sponsors/ayuhito"
      }
    },
    "node_modules/@fontsource/bungee": {
      "version": "5.3.0",
      "resolved": "https://registry.npmjs.org/@fontsource/bungee/-/bungee-5.3.0.tgz",
      "integrity": "sha512-vKwbDE7yMrqfGxgFan+diPLwgWp9j4FGYaLm+OhUoqYO6Pr02QIi/p0KiTW0E/7uiXqfTd6cMj+/E4h2sc3Ocg==",
      "license": "OFL-1.1",
      "funding": {
        "url": "https://github.com/sponsors/ayuhito"
      }
    },
    "node_modules/@fontsource/caveat": {
      "version": "5.3.0",
      "resolved": "https://registry.npmjs.org/@fontsource/caveat/-/caveat-5.3.0.tgz",
      "integrity": "sha512-eHTfzQxFSW9ABERRLNruHoNJmKed2J7pqTUc5lp4a4POMgXGKpxmWj3d9Hz10kmAg6iuTTLe6UagbA4bnsmfQw==",
      "license": "OFL-1.1",
      "funding": {
        "url": "https://github.com/sponsors/ayuhito"
      }
    },
    "node_modules/@fontsource/cinzel-decorative": {
      "version": "5.3.0",
      "resolved": "https://registry.npmjs.org/@fontsource/cinzel-decorative/-/cinzel-decorative-5.3.0.tgz",
      "integrity": "sha512-9T6Fsv6l+5CUjvKWcTlMtkAYR/C8p2ll0bgT5krOU+DTLJRmaZYpXzcRoxPvENA6+uApa+Yyn0Ft/hdq083iVA==",
      "license": "OFL-1.1",
      "funding": {
        "url": "https://github.com/sponsors/ayuhito"
      }
    },
    "node_modules/@fontsource/cormorant-garamond": {
      "version": "5.3.0",
      "resolved": "https://registry.npmjs.org/@fontsource/cormorant-garamond/-/cormorant-garamond-5.3.0.tgz",
      "integrity": "sha512-weuGsCirGVWBWqpt6YUp0yLThTe4G8YO45noq8wxeJCRvEpq5lFrxNMFSTxcyOyV5k5otzJ8guDzYegdYlcLMQ==",
      "license": "OFL-1.1",
      "funding": {
        "url": "https://github.com/sponsors/ayuhito"
      }
    },
    "node_modules/@fontsource/eb-garamond": {
      "version": "5.3.0",
      "resolved": "https://registry.npmjs.org/@fontsource/eb-garamond/-/eb-garamond-5.3.0.tgz",
      "integrity": "sha512-VplwHpB8FLuzl+4G5LDci1b3Z4SghiuXH8XEgaxjnOb5aue5mEt1njmDKeO6iyLeGa73LffU7PC7hzncLRx0ZA==",
      "license": "OFL-1.1",
      "funding": {
        "url": "https://github.com/sponsors/ayuhito"
      }
    },
    "node_modules/@fontsource/fredoka": {
      "version": "5.3.0",
      "resolved": "https://registry.npmjs.org/@fontsource/fredoka/-/fredoka-5.3.0.tgz",
      "integrity": "sha512-s2IhjQ50wDnKkkaKmjhtL0rxQg6ITsVusiipM3m7zUwVZZbbCKsscNDkngwp28xVzfIt7neWrkgU1qKqyTycQg==",
      "license": "OFL-1.1",
      "funding": {
        "url": "https://github.com/sponsors/ayuhito"
      }
    },
    "node_modules/@fontsource/ibm-plex-mono": {
      "version": "5.3.0",
      "resolved": "https://registry.npmjs.org/@fontsource/ibm-plex-mono/-/ibm-plex-mono-5.3.0.tgz",
      "integrity": "sha512-eTgnZjZEGk1QtD3ZstF+Vclo2HLAni8YMy34/DxllwZvyz1lR/1RF/xTiAquOBO7MvqBx8D2Ig2WCPMVfdZu7Q==",
      "license": "OFL-1.1",
      "funding": {
        "url": "https://github.com/sponsors/ayuhito"
      }
    },
    "node_modules/@fontsource/josefin-sans": {
      "version": "5.3.0",
      "resolved": "https://registry.npmjs.org/@fontsource/josefin-sans/-/josefin-sans-5.3.0.tgz",
      "integrity": "sha512-N2xY1l8gBCNrlRa0tMnjUtbSJb/rqWmPLgLSMq6H+EY2/uerAHtbyoHsQQKwhMA8hJat7S+OSk6saxGMceKKvA==",
      "license": "OFL-1.1",
      "funding": {
        "url": "https://github.com/sponsors/ayuhito"
      }
    },
    "node_modules/@fontsource/kalam": {
      "version": "5.3.0",
      "resolved": "https://registry.npmjs.org/@fontsource/kalam/-/kalam-5.3.0.tgz",
      "integrity": "sha512-FDkVoDfPDCSN/eO81FOYtUI67eMgpVBJmjBtAqSL0PmEhJyeFY2biC+CR+yEttksgXR9+swpFdYmQTyjwBq80Q==",
      "license": "OFL-1.1",
      "funding": {
        "url": "https://github.com/sponsors/ayuhito"
      }
    },
    "node_modules/@fontsource/limelight": {
      "version": "5.3.0",
      "resolved": "https://registry.npmjs.org/@fontsource/limelight/-/limelight-5.3.0.tgz",
      "integrity": "sha512-jiuuCdbk9/u0TA/bIZfp35cvJrfz1CJFSEFh4lk5Ma8Nh42897GbF0ny85emdYiJ6WJQjnD/BK/X0D5Oe6bxbg==",
      "license": "OFL-1.1",
      "funding": {
        "url": "https://github.com/sponsors/ayuhito"
      }
    },
    "node_modules/@fontsource/major-mono-display": {
      "version": "5.3.0",
      "resolved": "https://registry.npmjs.org/@fontsource/major-mono-display/-/major-mono-display-5.3.0.tgz",
      "integrity": "sha512-l7iMdIbp7S6WGrqnfJNZ4BQ1ERvnGwILh+hNG1QHksQ8c+JVFIyROjGu9naOlNW0XMn8Ykx7tL4lNe4ETwFXGw==",
      "license": "OFL-1.1",
      "funding": {
        "url": "https://github.com/sponsors/ayuhito"
      }
    },
    "node_modules/@fontsource/monoton": {
      "version": "5.3.0",
      "resolved": "https://registry.npmjs.org/@fontsource/monoton/-/monoton-5.3.0.tgz",
      "integrity": "sha512-pXZyTe7Gr6Ow5NhDbmCSMWfpp+qwoQB/615gNSdlU5jEQ9CTUKxbkEjm2CY0dEGbW4gFA204MxdiPKEBQ61tOA==",
      "license": "OFL-1.1",
      "funding": {
        "url": "https://github.com/sponsors/ayuhito"
      }
    },
    "node_modules/@fontsource/old-standard-tt": {
      "version": "5.3.0",
      "resolved": "https://registry.npmjs.org/@fontsource/old-standard-tt/-/old-standard-tt-5.3.0.tgz",
      "integrity": "sha512-9cXU8XWqw4Pz9/9Lf6Otf1GPc0y17d96/nP9tzs4PLlq1IFMIxXszL3OLldaoyAn5YGr1r+tIXr0rlbgIeCYrg==",
      "license": "OFL-1.1",
      "funding": {
        "url": "https://github.com/sponsors/ayuhito"
      }
    },
    "node_modules/@fontsource/orbitron": {
      "version": "5.3.0",
      "resolved": "https://registry.npmjs.org/@fontsource/orbitron/-/orbitron-5.3.0.tgz",
      "integrity": "sha512-+BhPsbUAo/AF7sRcf+TEexm+EWWkgTiR9Zwb7AhYIPkc5oplfvw0C45Oc2xlKPhwVEmxG8hHuA6/Ansbl+Bc6w==",
      "license": "OFL-1.1",
      "funding": {
        "url": "https://github.com/sponsors/ayuhito"
      }
    },
    "node_modules/@fontsource/patrick-hand": {
      "version": "5.3.0",
      "resolved": "https://registry.npmjs.org/@fontsource/patrick-hand/-/patrick-hand-5.3.0.tgz",
      "integrity": "sha512-V8C38IlIFfdWg0Xtri3F7sLCVpm069rUwn6w4n+oyn38gt7H4arOJmuReg3tAw1Q6jHqZp89wTnAAJagq4Atxw==",
      "license": "OFL-1.1",
      "funding": {
        "url": "https://github.com/sponsors/ayuhito"
      }
    },
    "node_modules/@fontsource/poiret-one": {
      "version": "5.3.0",
      "resolved": "https://registry.npmjs.org/@fontsource/poiret-one/-/poiret-one-5.3.0.tgz",
      "integrity": "sha512-nCAUIB6f5805lUG7t0ES0W0YhJHcKa2EPlafb7/0AU1W/V4tQvmoSbwNNUnt6nVIagvyStxLG5nzqMptQ3FCgQ==",
      "license": "OFL-1.1",
      "funding": {
        "url": "https://github.com/sponsors/ayuhito"
      }
    },
    "node_modules/@fontsource/press-start-2p": {
      "version": "5.3.0",
      "resolved": "https://registry.npmjs.org/@fontsource/press-start-2p/-/press-start-2p-5.3.0.tgz",
      "integrity": "sha512-gxWFxdeDglPhEYSwEeooomcaFK8kSQYLQwVxfnOJeYRj2sPEHXjpVtFgEaYfqzOjuAJGrIcJOipu2KY5YkbyuQ==",
      "license": "OFL-1.1",
      "funding": {
        "url": "https://github.com/sponsors/ayuhito"
      }
    },
    "node_modules/@fontsource/righteous": {
      "version": "5.3.0",
      "resolved": "https://registry.npmjs.org/@fontsource/righteous/-/righteous-5.3.0.tgz",
      "integrity": "sha512-xr3w0E1jtc7xoXLfgJrcaKqWjvh5XiAAthVLrl9v9HKC7TfwMy3nARytetfi2GIgo51+aWsEJ51Uyd3XEXbj/A==",
      "license": "OFL-1.1",
      "funding": {
        "url": "https://github.com/sponsors/ayuhito"
      }
    },
    "node_modules/@fontsource/rubik-mono-one": {
      "version": "5.3.0",
      "resolved": "https://registry.npmjs.org/@fontsource/rubik-mono-one/-/rubik-mono-one-5.3.0.tgz",
      "integrity": "sha512-ReaCXaIKJAFdJAUaw8Gq3qXC9od7JotgqZFsVnwp06KqnBFtrX9qdeUvBdL+7avyUTic20gmzSH0NtEC6xAbDQ==",
      "license": "OFL-1.1",
      "funding": {
        "url": "https://github.com/sponsors/ayuhito"
      }
    },
    "node_modules/@fontsource/shrikhand": {
      "version": "5.3.0",
      "resolved": "https://registry.npmjs.org/@fontsource/shrikhand/-/shrikhand-5.3.0.tgz",
      "integrity": "sha512-AWCCj1oNNpMK5hXfFo4JO5KyLhPrdBmpbA0wyIl4IUB05WTU0CGP2UgGX7Lcq/N8nS2+hcxzCPMSQ1R55FuMPg==",
      "license": "OFL-1.1",
      "funding": {
        "url": "https://github.com/sponsors/ayuhito"
      }
    },
    "node_modules/@fontsource/space-mono": {
      "version": "5.3.0",
      "resolved": "https://registry.npmjs.org/@fontsource/space-mono/-/space-mono-5.3.0.tgz",
      "integrity": "sha512-FrpBMOVWn3PRdRHlrZWC55X3kZG/2BTH7SM5ZyS/bky3iKya2BturI5lk+t0RoDQL2JyHzURsVq/EisCsxpI5A==",
      "license": "OFL-1.1",
      "funding": {
        "url": "https://github.com/sponsors/ayuhito"
      }
    },
    "node_modules/@fontsource/special-elite": {
      "version": "5.3.0",
      "resolved": "https://registry.npmjs.org/@fontsource/special-elite/-/special-elite-5.3.0.tgz",
      "integrity": "sha512-fOQ9XU8m4KnqzcLibAXCxTsKzbxePNDjPqVss5GSMcPVCY1TuCv+Wq8gm1ebqIR6XS1rhMbQ7ECP9ocKVEEpTA==",
      "license": "Apache-2.0",
      "funding": {
        "url": "https://github.com/sponsors/ayuhito"
      }
    },
    "node_modules/@fontsource/staatliches": {
      "version": "5.3.0",
      "resolved": "https://registry.npmjs.org/@fontsource/staatliches/-/staatliches-5.3.0.tgz",
      "integrity": "sha512-vYQgZ76FapaXZeiZQLUqy49+XmpyPLNgOsmqqqyX8pMFvb+rdODYDtc/vIgO/g5oTsESnSoD85DQozd8D6mUEA==",
      "license": "OFL-1.1",
      "funding": {
        "url": "https://github.com/sponsors/ayuhito"
      }
    },
    "node_modules/@fontsource/unbounded": {
      "version": "5.3.0",
      "resolved": "https://registry.npmjs.org/@fontsource/unbounded/-/unbounded-5.3.0.tgz",
      "integrity": "sha512-pPD6hsTnjoQRr6pCsqMHbHBfauB4LZygCNQEUJHu+CO2wzDFHqELEFSG7sTwo5Z5Gr4q3OK0fIILOXBJDv6lcw==",
      "license": "OFL-1.1",
      "funding": {
        "url": "https://github.com/sponsors/ayuhito"
      }
    },
    "node_modules/@fontsource/vt323": {
      "version": "5.3.0",
      "resolved": "https://registry.npmjs.org/@fontsource/vt323/-/vt323-5.3.0.tgz",
      "integrity": "sha512-3w33Rg/0+R1587HQfz4t7Q7e0GGeCqr3wmzIwqdGInUnrGEwMA5eX39GP4Z9wpTQnwfhVOhYuxuRwRUeIcicbw==",
      "license": "OFL-1.1",
      "funding": {
        "url": "https://github.com/sponsors/ayuhito"
      }
    },
    "node_modules/@fontsource/zen-old-mincho": {
      "version": "5.3.0",
      "resolved": "https://registry.npmjs.org/@fontsource/zen-old-mincho/-/zen-old-mincho-5.3.0.tgz",
      "integrity": "sha512-pNvegTkx6rOQRaBMcUoxxeNoIRJajdY0TeX4ngf/26KrtsVoqY11ho6WlwPWDYHi7PY65vf88TV2xjIO+YxQ8Q==",
      "license": "OFL-1.1",
      "funding": {
        "url": "https://github.com/sponsors/ayuhito"
      }
    },
    "node_modules/axe-core": {
      "version": "4.10.3",
      "resolved": "https://registry.npmjs.org/axe-core/-/axe-core-4.10.3.tgz",
      "integrity": "sha512-Xm7bpRXnDSX2YE2YFfBk2FnF0ep6tmG7xPh8iHee8MIcrgq762Nkce856dYtJYLkuIoYZvGfTs/PbZhideTcEg==",
      "license": "MPL-2.0",
      "engines": {
        "node": ">=4"
      }
    },
    "node_modules/esbuild": {
      "version": "0.25.10",
      "resolved": "https://registry.npmjs.org/esbuild/-/esbuild-0.25.10.tgz",
      "integrity": "sha512-9RiGKvCwaqxO2owP61uQ4BgNborAQskMR6QusfWzQqv7AZOg5oGehdY2pRJMTKuwxd1IDBP4rSbI5lHzU7SMsQ==",
      "hasInstallScript": true,
      "license": "MIT",
      "bin": {
        "esbuild": "bin/esbuild"
      },
      "engines": {
        "node": ">=18"
      },
      "optionalDependencies": {
        "@esbuild/aix-ppc64": "0.25.10",
        "@esbuild/android-arm": "0.25.10",
        "@esbuild/android-arm64": "0.25.10",
        "@esbuild/android-x64": "0.25.10",
        "@esbuild/darwin-arm64": "0.25.10",
        "@esbuild/darwin-x64": "0.25.10",
        "@esbuild/freebsd-arm64": "0.25.10",
        "@esbuild/freebsd-x64": "0.25.10",
        "@esbuild/linux-arm": "0.25.10",
        "@esbuild/linux-arm64": "0.25.10",
        "@esbuild/linux-ia32": "0.25.10",
        "@esbuild/linux-loong64": "0.25.10",
        "@esbuild/linux-mips64el": "0.25.10",
        "@esbuild/linux-ppc64": "0.25.10",
        "@esbuild/linux-riscv64": "0.25.10",
        "@esbuild/linux-s390x": "0.25.10",
        "@esbuild/linux-x64": "0.25.10",
        "@esbuild/netbsd-arm64": "0.25.10",
        "@esbuild/netbsd-x64": "0.25.10",
        "@esbuild/openbsd-arm64": "0.25.10",
        "@esbuild/openbsd-x64": "0.25.10",
        "@esbuild/openharmony-arm64": "0.25.10",
        "@esbuild/sunos-x64": "0.25.10",
        "@esbuild/win32-arm64": "0.25.10",
        "@esbuild/win32-ia32": "0.25.10",
        "@esbuild/win32-x64": "0.25.10"
      }
    },
    "node_modules/fsevents": {
      "version": "2.3.2",
      "resolved": "https://registry.npmjs.org/fsevents/-/fsevents-2.3.2.tgz",
      "integrity": "sha512-xiqMQR4xAeHTuB9uWm+fFRcIOgKBMiOBP+eXiyT7jsgVCq1bkVygt00oASowB7EdtpOHaaPgKt812P9ab+DDKA==",
      "hasInstallScript": true,
      "license": "MIT",
      "optional": true,
      "os": [
        "darwin"
      ],
      "engines": {
        "node": "^8.16.0 || ^10.6.0 || >=11.0.0"
      }
    },
    "node_modules/playwright": {
      "version": "1.55.0",
      "resolved": "https://registry.npmjs.org/playwright/-/playwright-1.55.0.tgz",
      "integrity": "sha512-sdCWStblvV1YU909Xqx0DhOjPZE4/5lJsIS84IfN9dAZfcl/CIZ5O8l3o0j7hPMjDvqoTF8ZUcc+i/GL5erstA==",
      "license": "Apache-2.0",
      "dependencies": {
        "playwright-core": "1.55.0"
      },
      "bin": {
        "playwright": "cli.js"
      },
      "engines": {
        "node": ">=18"
      },
      "optionalDependencies": {
        "fsevents": "2.3.2"
      }
    },
    "node_modules/playwright-core": {
      "version": "1.55.0",
      "resolved": "https://registry.npmjs.org/playwright-core/-/playwright-core-1.55.0.tgz",
      "integrity": "sha512-GvZs4vU3U5ro2nZpeiwyb0zuFaqb9sUiAJuyrWpcGouD8y9/HLgGbNRjIph7zU9D3hnPaisMl9zG9CgFi/biIg==",
      "license": "Apache-2.0",
      "bin": {
        "playwright-core": "cli.js"
      },
      "engines": {
        "node": ">=18"
      }
    },
    "node_modules/three": {
      "version": "0.180.0",
      "resolved": "https://registry.npmjs.org/three/-/three-0.180.0.tgz",
      "integrity": "sha512-o+qycAMZrh+TsE01GqWUxUIKR1AL0S8pq7zDkYOQw8GqfX8b8VoCKYUoHbhiX5j+7hr8XsuHDVU6+gkQJQKg9w==",
      "license": "MIT"
    }
  }
}
